
Microsoft Visual Studio Solution File, Format Version 12.00
# Visual Studio Version 16
VisualStudioVersion = 16.0.31005.135
MinimumVisualStudioVersion = 10.0.40219.1
Project("{2150E333-8FDC-42A3-9474-1A3956D46DE8}") = "Feature", "Feature", "{E9676517-E2B9-4819-BC8C-D35015DDCA13}"
EndProject
Project("{2150E333-8FDC-42A3-9474-1A3956D46DE8}") = "Foundation", "Foundation", "{874A5463-52A3-49FD-8C5D-1732459E8468}"
EndProject
Project("{2150E333-8FDC-42A3-9474-1A3956D46DE8}") = "Project", "Project", "{D5674477-5D4F-4084-956A-0A39E2FD2F9C}"
EndProject
Project("{2150E333-8FDC-42A3-9474-1A3956D46DE8}") = "Navigation", "Navigation", "{1170CF0B-3A0D-496A-87F6-DC3C54B0D2A0}"
	ProjectSection(SolutionItems) = preProject
		src\Feature\Navigation\Feature.Navigation.module.json = src\Feature\Navigation\Feature.Navigation.module.json
	EndProjectSection
EndProject
Project("{2150E333-8FDC-42A3-9474-1A3956D46DE8}") = "SCS", "SCS", "{B99BC742-4E56-4048-A593-89D632544360}"
	ProjectSection(SolutionItems) = preProject
		src\Project\SCSDemo\Project.SCSDemo.module.json = src\Project\SCSDemo\Project.SCSDemo.module.json
	EndProjectSection
EndProject
Project("{FAE04EC0-301F-11D3-BF4B-00C04F79EFBC}") = "Sitecore.Feature.Navigation", "src\Feature\Navigation\code\Sitecore.Feature.Navigation.csproj", "{EEDA31E9-58A3-448A-A3FC-F519ED051503}"
EndProject
Project("{2150E333-8FDC-42A3-9474-1A3956D46DE8}") = "ORM", "ORM", "{2181CD95-D86F-4595-A7D0-9882E5D9E9F5}"
EndProject
Project("{2150E333-8FDC-42A3-9474-1A3956D46DE8}") = "Solution Items", "Solution Items", "{E427D978-ED40-4876-A643-D1B16E536917}"
	ProjectSection(SolutionItems) = preProject
		Leprechaun.config = Leprechaun.config
		sitecore.json = sitecore.json
	EndProjectSection
EndProject
Project("{2150E333-8FDC-42A3-9474-1A3956D46DE8}") = "TemplateGenerator", "TemplateGenerator", "{76C7D2B6-B9A5-4573-A647-3152E41EDBAD}"
	ProjectSection(SolutionItems) = preProject
		TemplateGenerator\GlassMapper.csx = TemplateGenerator\GlassMapper.csx
	EndProjectSection
EndProject
Project("{FAE04EC0-301F-11D3-BF4B-00C04F79EFBC}") = "Sitecore.Foundation.ORM", "src\Foundation\ORM\code\Sitecore.Foundation.ORM.csproj", "{5D6577C0-B7A2-45B2-8299-13D6348E5E21}"
EndProject
Project("{FAE04EC0-301F-11D3-BF4B-00C04F79EFBC}") = "Sitecore.Project.SCSDemo", "src\Project\SCSDemo\code\Sitecore.Project.SCSDemo.csproj", "{339842A1-D1F5-4C29-9A2A-71974661C3A1}"
EndProject
Project("{2150E333-8FDC-42A3-9474-1A3956D46DE8}") = "Metadata", "Metadata", "{DAB479DE-7AAF-47FF-8B60-A633927339E6}"
	ProjectSection(SolutionItems) = preProject
		src\Feature\Metadata\Feature.Metadata.module.json = src\Feature\Metadata\Feature.Metadata.module.json
	EndProjectSection
EndProject
Project("{FAE04EC0-301F-11D3-BF4B-00C04F79EFBC}") = "Sitecore.Feature.Metadata", "src\Feature\Metadata\code\Sitecore.Feature.Metadata.csproj", "{780EA6B4-4085-46F0-ADED-C751BDC41CE1}"
EndProject
Global
	GlobalSection(SolutionConfigurationPlatforms) = preSolution
		Debug|Any CPU = Debug|Any CPU
		Release|Any CPU = Release|Any CPU
	EndGlobalSection
	GlobalSection(ProjectConfigurationPlatforms) = postSolution
		{EEDA31E9-58A3-448A-A3FC-F519ED051503}.Debug|Any CPU.ActiveCfg = Debug|Any CPU
		{EEDA31E9-58A3-448A-A3FC-F519ED051503}.Debug|Any CPU.Build.0 = Debug|Any CPU
		{EEDA31E9-58A3-448A-A3FC-F519ED051503}.Release|Any CPU.ActiveCfg = Release|Any CPU
		{EEDA31E9-58A3-448A-A3FC-F519ED051503}.Release|Any CPU.Build.0 = Release|Any CPU
		{5D6577C0-B7A2-45B2-8299-13D6348E5E21}.Debug|Any CPU.ActiveCfg = Debug|Any CPU
		{5D6577C0-B7A2-45B2-8299-13D6348E5E21}.Debug|Any CPU.Build.0 = Debug|Any CPU
		{5D6577C0-B7A2-45B2-8299-13D6348E5E21}.Release|Any CPU.ActiveCfg = Release|Any CPU
		{5D6577C0-B7A2-45B2-8299-13D6348E5E21}.Release|Any CPU.Build.0 = Release|Any CPU
		{339842A1-D1F5-4C29-9A2A-71974661C3A1}.Debug|Any CPU.ActiveCfg = Debug|Any CPU
		{339842A1-D1F5-4C29-9A2A-71974661C3A1}.Debug|Any CPU.Build.0 = Debug|Any CPU
		{339842A1-D1F5-4C29-9A2A-71974661C3A1}.Release|Any CPU.ActiveCfg = Release|Any CPU
		{339842A1-D1F5-4C29-9A2A-71974661C3A1}.Release|Any CPU.Build.0 = Release|Any CPU
		{780EA6B4-4085-46F0-ADED-C751BDC41CE1}.Debug|Any CPU.ActiveCfg = Debug|Any CPU
		{780EA6B4-4085-46F0-ADED-C751BDC41CE1}.Debug|Any CPU.Build.0 = Debug|Any CPU
		{780EA6B4-4085-46F0-ADED-C751BDC41CE1}.Release|Any CPU.ActiveCfg = Release|Any CPU
		{780EA6B4-4085-46F0-ADED-C751BDC41CE1}.Release|Any CPU.Build.0 = Release|Any CPU
	EndGlobalSection
	GlobalSection(SolutionProperties) = preSolution
		HideSolutionNode = FALSE
	EndGlobalSection
	GlobalSection(NestedProjects) = preSolution
		{1170CF0B-3A0D-496A-87F6-DC3C54B0D2A0} = {E9676517-E2B9-4819-BC8C-D35015DDCA13}
		{B99BC742-4E56-4048-A593-89D632544360} = {D5674477-5D4F-4084-956A-0A39E2FD2F9C}
		{EEDA31E9-58A3-448A-A3FC-F519ED051503} = {1170CF0B-3A0D-496A-87F6-DC3C54B0D2A0}
		{2181CD95-D86F-4595-A7D0-9882E5D9E9F5} = {874A5463-52A3-49FD-8C5D-1732459E8468}
		{76C7D2B6-B9A5-4573-A647-3152E41EDBAD} = {E427D978-ED40-4876-A643-D1B16E536917}
		{5D6577C0-B7A2-45B2-8299-13D6348E5E21} = {2181CD95-D86F-4595-A7D0-9882E5D9E9F5}
		{339842A1-D1F5-4C29-9A2A-71974661C3A1} = {B99BC742-4E56-4048-A593-89D632544360}
		{DAB479DE-7AAF-47FF-8B60-A633927339E6} = {E9676517-E2B9-4819-BC8C-D35015DDCA13}
		{780EA6B4-4085-46F0-ADED-C751BDC41CE1} = {DAB479DE-7AAF-47FF-8B60-A633927339E6}
	EndGlobalSection
	GlobalSection(ExtensibilityGlobals) = postSolution
		SolutionGuid = {6822019A-56D3-4695-9B9E-96F9D10ECD75}
	EndGlobalSection
EndGlobal
